// !$*UTF8*$!
{
	archiveVersion = 1;
	classes = {
	};
	objectVersion = 46;
	objects = {

/* Begin PBXBuildFile section */
		188578E61A7B574800F778A0 /* main.m in Sources */ = {isa = PBXBuildFile; fileRef = 188578E51A7B574800F778A0 /* main.m */; };
		188578E91A7B574800F778A0 /* AppDelegate.m in Sources */ = {isa = PBXBuildFile; fileRef = 188578E81A7B574800F778A0 /* AppDelegate.m */; };
		188578EC1A7B574800F778A0 /* ViewController.m in Sources */ = {isa = PBXBuildFile; fileRef = 188578EB1A7B574800F778A0 /* ViewController.m */; };
		188578EF1A7B574800F778A0 /* Main.storyboard in Resources */ = {isa = PBXBuildFile; fileRef = 188578ED1A7B574800F778A0 /* Main.storyboard */; };
		188578F11A7B574800F778A0 /* Images.xcassets in Resources */ = {isa = PBXBuildFile; fileRef = 188578F01A7B574800F778A0 /* Images.xcassets */; };
		188578F41A7B574800F778A0 /* LaunchScreen.xib in Resources */ = {isa = PBXBuildFile; fileRef = 188578F21A7B574800F778A0 /* LaunchScreen.xib */; };
		188579001A7B574800F778A0 /* _5______Tests.m in Sources */ = {isa = PBXBuildFile; fileRef = 188578FF1A7B574800F778A0 /* _5______Tests.m */; };
		1885790A1A7B576500F778A0 /* MapKit.framework in Frameworks */ = {isa = PBXBuildFile; fileRef = 188579091A7B576500F778A0 /* MapKit.framework */; };
		1885790D1A7B587200F778A0 /* MyAnnotation.m in Sources */ = {isa = PBXBuildFile; fileRef = 1885790C1A7B587200F778A0 /* MyAnnotation.m */; };
/* End PBXBuildFile section */

/* Begin PBXContainerItemProxy section */
		188578FA1A7B574800F778A0 /* PBXContainerItemProxy */ = {
			isa = PBXContainerItemProxy;
			containerPortal = 188578D81A7B574800F778A0 /* Project object */;
			proxyType = 1;
			remoteGlobalIDString = 188578DF1A7B574800F778A0;
			remoteInfo = "05-添加大头针";
		};
/* End PBXContainerItemProxy section */

/* Begin PBXFileReference section */
		188578E01A7B574800F778A0 /* 05-添加大头针.app */ = {isa = PBXFileReference; explicitFileType = wrapper.application; includeInIndex = 0; path = "05-添加大头针.app"; sourceTree = BUILT_PRODUCTS_DIR; };
		188578E41A7B574800F778A0 /* Info.plist */ = {isa = PBXFileReference; lastKnownFileType = text.plist.xml; path = Info.plist; sourceTree = "<group>"; };
		188578E51A7B574800F778A0 /* main.m */ = {isa = PBXFileReference; lastKnownFileType = sourcecode.c.objc; path = main.m; sourceTree = "<group>"; };
		188578E71A7B574800F778A0 /* AppDelegate.h */ = {isa = PBXFileReference; lastKnownFileType = sourcecode.c.h; path = AppDelegate.h; sourceTree = "<group>"; };
		188578E81A7B574800F778A0 /* AppDelegate.m */ = {isa = PBXFileReference; lastKnownFileType = sourcecode.c.objc; path = AppDelegate.m; sourceTree = "<group>"; };
		188578EA1A7B574800F778A0 /* ViewController.h */ = {isa = PBXFileReference; lastKnownFileType = sourcecode.c.h; path = ViewController.h; sourceTree = "<group>"; };
		188578EB1A7B574800F778A0 /* ViewController.m */ = {isa = PBXFileReference; lastKnownFileType = sourcecode.c.objc; path = ViewController.m; sourceTree = "<group>"; };
		188578EE1A7B574800F778A0 /* Base */ = {isa = PBXFileReference; lastKnownFileType = file.storyboard; name = Base; path = Base.lproj/Main.storyboard; sourceTree = "<group>"; };
		188578F01A7B574800F778A0 /* Images.xcassets */ = {isa = PBXFileReference; lastKnownFileType = folder.assetcatalog; path = Images.xcassets; sourceTree = "<group>"; };
		188578F31A7B574800F778A0 /* Base */ = {isa = PBXFileReference; lastKnownFileType = file.xib; name = Base; path = Base.lproj/LaunchScreen.xib; sourceTree = "<group>"; };
		188578F91A7B574800F778A0 /* 05-添加大头针Tests.xctest */ = {isa = PBXFileReference; explicitFileType = wrapper.cfbundle; includeInIndex = 0; path = "05-添加大头针Tests.xctest"; sourceTree = BUILT_PRODUCTS_DIR; };
		188578FE1A7B574800F778A0 /* Info.plist */ = {isa = PBXFileReference; lastKnownFileType = text.plist.xml; path = Info.plist; sourceTree = "<group>"; };
		188578FF1A7B574800F778A0 /* _5______Tests.m */ = {isa = PBXFileReference; lastKnownFileType = sourcecode.c.objc; path = "_5______Tests.m"; sourceTree = "<group>"; };
		188579091A7B576500F778A0 /* MapKit.framework */ = {isa = PBXFileReference; lastKnownFileType = wrapper.framework; name = MapKit.framework; path = System/Library/Frameworks/MapKit.framework; sourceTree = SDKROOT; };
		1885790B1A7B587200F778A0 /* MyAnnotation.h */ = {isa = PBXFileReference; fileEncoding = 4; lastKnownFileType = sourcecode.c.h; path = MyAnnotation.h; sourceTree = "<group>"; };
		1885790C1A7B587200F778A0 /* MyAnnotation.m */ = {isa = PBXFileReference; fileEncoding = 4; lastKnownFileType = sourcecode.c.objc; path = MyAnnotation.m; sourceTree = "<group>"; };
/* End PBXFileReference section */

/* Begin PBXFrameworksBuildPhase section */
		188578DD1A7B574800F778A0 /* Frameworks */ = {
			isa = PBXFrameworksBuildPhase;
			buildActionMask = 2147483647;
			files = (
				1885790A1A7B576500F778A0 /* MapKit.framework in Frameworks */,
			);
			runOnlyForDeploymentPostprocessing = 0;
		};
		188578F61A7B574800F778A0 /* Frameworks */ = {
			isa = PBXFrameworksBuildPhase;
			buildActionMask = 2147483647;
			files = (
			);
			runOnlyForDeploymentPostprocessing = 0;
		};
/* End PBXFrameworksBuildPhase section */

/* Begin PBXGroup section */
		188578D71A7B574800F778A0 = {
			isa = PBXGroup;
			children = (
				188579091A7B576500F778A0 /* MapKit.framework */,
				188578E21A7B574800F778A0 /* 05-添加大头针 */,
				188578FC1A7B574800F778A0 /* 05-添加大头针Tests */,
				188578E11A7B574800F778A0 /* Products */,
			);
			sourceTree = "<group>";
		};
		188578E11A7B574800F778A0 /* Products */ = {
			isa = PBXGroup;
			children = (
				188578E01A7B574800F778A0 /* 05-添加大头针.app */,
				188578F91A7B574800F778A0 /* 05-添加大头针Tests.xctest */,
			);
			name = Products;
			sourceTree = "<group>";
		};
		188578E21A7B574800F778A0 /* 05-添加大头针 */ = {
			isa = PBXGroup;
			children = (
				188578E71A7B574800F778A0 /* AppDelegate.h */,
				188578E81A7B574800F778A0 /* AppDelegate.m */,
				188578EA1A7B574800F778A0 /* ViewController.h */,
				188578EB1A7B574800F778A0 /* ViewController.m */,
				188578ED1A7B574800F778A0 /* Main.storyboard */,
				188578F01A7B574800F778A0 /* Images.xcassets */,
				188578F21A7B574800F778A0 /* LaunchScreen.xib */,
				188578E31A7B574800F778A0 /* Supporting Files */,
				1885790B1A7B587200F778A0 /* MyAnnotation.h */,
				1885790C1A7B587200F778A0 /* MyAnnotation.m */,
			);
			path = "05-添加大头针";
			sourceTree = "<group>";
		};
		188578E31A7B574800F778A0 /* Supporting Files */ = {
			isa = PBXGroup;
			children = (
				188578E41A7B574800F778A0 /* Info.plist */,
				188578E51A7B574800F778A0 /* main.m */,
			);
			name = "Supporting Files";
			sourceTree = "<group>";
		};
		188578FC1A7B574800F778A0 /* 05-添加大头针Tests */ = {
			isa = PBXGroup;
			children = (
				188578FF1A7B574800F778A0 /* _5______Tests.m */,
				188578FD1A7B574800F778A0 /* Supporting Files */,
			);
			path = "05-添加大头针Tests";
			sourceTree = "<group>";
		};
		188578FD1A7B574800F778A0 /* Supporting Files */ = {
			isa = PBXGroup;
			children = (
				188578FE1A7B574800F778A0 /* Info.plist */,
			);
			name = "Supporting Files";
			sourceTree = "<group>";
		};
/* End PBXGroup section */

/* Begin PBXNativeTarget section */
		188578DF1A7B574800F778A0 /* 05-添加大头针 */ = {
			isa = PBXNativeTarget;
			buildConfigurationList = 188579031A7B574800F778A0 /* Build configuration list for PBXNativeTarget "05-添加大头针" */;
			buildPhases = (
				188578DC1A7B574800F778A0 /* Sources */,
				188578DD1A7B574800F778A0 /* Frameworks */,
				188578DE1A7B574800F778A0 /* Resources */,
			);
			buildRules = (
			);
			dependencies = (
			);
			name = "05-添加大头针";
			productName = "05-添加大头针";
			productReference = 188578E01A7B574800F778A0 /* 05-添加大头针.app */;
			productType = "com.apple.product-type.application";
		};
		188578F81A7B574800F778A0 /* 05-添加大头针Tests */ = {
			isa = PBXNativeTarget;
			buildConfigurationList = 188579061A7B574800F778A0 /* Build configuration list for PBXNativeTarget "05-添加大头针Tests" */;
			buildPhases = (
				188578F51A7B574800F778A0 /* Sources */,
				188578F61A7B574800F778A0 /* Frameworks */,
				188578F71A7B574800F778A0 /* Resources */,
			);
			buildRules = (
			);
			dependencies = (
				188578FB1A7B574800F778A0 /* PBXTargetDependency */,
			);
			name = "05-添加大头针Tests";
			productName = "05-添加大头针Tests";
			productReference = 188578F91A7B574800F778A0 /* 05-添加大头针Tests.xctest */;
			productType = "com.apple.product-type.bundle.unit-test";
		};
/* End PBXNativeTarget section */

/* Begin PBXProject section */
		188578D81A7B574800F778A0 /* Project object */ = {
			isa = PBXProject;
			attributes = {
				LastUpgradeCheck = 0610;
				ORGANIZATIONNAME = apple;
				TargetAttributes = {
					188578DF1A7B574800F778A0 = {
						CreatedOnToolsVersion = 6.1.1;
					};
					188578F81A7B574800F778A0 = {
						CreatedOnToolsVersion = 6.1.1;
						TestTargetID = 188578DF1A7B574800F778A0;
					};
				};
			};
			buildConfigurationList = 188578DB1A7B574800F778A0 /* Build configuration list for PBXProject "05-添加大头针" */;
			compatibilityVersion = "Xcode 3.2";
			developmentRegion = English;
			hasScannedForEncodings = 0;
			knownRegions = (
				en,
				Base,
			);
			mainGroup = 188578D71A7B574800F778A0;
			productRefGroup = 188578E11A7B574800F778A0 /* Products */;
			projectDirPath = "";
			projectRoot = "";
			targets = (
				188578DF1A7B574800F778A0 /* 05-添加大头针 */,
				188578F81A7B574800F778A0 /* 05-添加大头针Tests */,
			);
		};
/* End PBXProject section */

/* Begin PBXResourcesBuildPhase section */
		188578DE1A7B574800F778A0 /* Resources */ = {
			isa = PBXResourcesBuildPhase;
			buildActionMask = 2147483647;
			files = (
				188578EF1A7B574800F778A0 /* Main.storyboard in Resources */,
				188578F41A7B574800F778A0 /* LaunchScreen.xib in Resources */,
				188578F11A7B574800F778A0 /* Images.xcassets in Resources */,
			);
			runOnlyForDeploymentPostprocessing = 0;
		};
		188578F71A7B574800F778A0 /* Resources */ = {
			isa = PBXResourcesBuildPhase;
			buildActionMask = 2147483647;
			files = (
			);
			runOnlyForDeploymentPostprocessing = 0;
		};
/* End PBXResourcesBuildPhase section */

/* Begin PBXSourcesBuildPhase section */
		188578DC1A7B574800F778A0 /* Sources */ = {
			isa = PBXSourcesBuildPhase;
			buildActionMask = 2147483647;
			files = (
				188578EC1A7B574800F778A0 /* ViewController.m in Sources */,
				188578E91A7B574800F778A0 /* AppDelegate.m in Sources */,
				1885790D1A7B587200F778A0 /* MyAnnotation.m in Sources */,
				188578E61A7B574800F778A0 /* main.m in Sources */,
			);
			runOnlyForDeploymentPostprocessing = 0;
		};
		188578F51A7B574800F778A0 /* Sources */ = {
			isa = PBXSourcesBuildPhase;
			buildActionMask = 2147483647;
			files = (
				188579001A7B574800F778A0 /* _5______Tests.m in Sources */,
			);
			runOnlyForDeploymentPostprocessing = 0;
		};
/* End PBXSourcesBuildPhase section */

/* Begin PBXTargetDependency section */
		188578FB1A7B574800F778A0 /* PBXTargetDependency */ = {
			isa = PBXTargetDependency;
			target = 188578DF1A7B574800F778A0 /* 05-添加大头针 */;
			targetProxy = 188578FA1A7B574800F778A0 /* PBXContainerItemProxy */;
		};
/* End PBXTargetDependency section */

/* Begin PBXVariantGroup section */
		188578ED1A7B574800F778A0 /* Main.storyboard */ = {
			isa = PBXVariantGroup;
			children = (
				188578EE1A7B574800F778A0 /* Base */,
			);
			name = Main.storyboard;
			sourceTree = "<group>";
		};
		188578F21A7B574800F778A0 /* LaunchScreen.xib */ = {
			isa = PBXVariantGroup;
			children = (
				188578F31A7B574800F778A0 /* Base */,
			);
			name = LaunchScreen.xib;
			sourceTree = "<group>";
		};
/* End PBXVariantGroup section */

/* Begin XCBuildConfiguration section */
		188579011A7B574800F778A0 /* Debug */ = {
			isa = XCBuildConfiguration;
			buildSettings = {
				ALWAYS_SEARCH_USER_PATHS = NO;
				CLANG_CXX_LANGUAGE_STANDARD = "gnu++0x";
				CLANG_CXX_LIBRARY = "libc++";
				CLANG_ENABLE_MODULES = YES;
				CLANG_ENABLE_OBJC_ARC = YES;
				CLANG_WARN_BOOL_CONVERSION = YES;
				CLANG_WARN_CONSTANT_CONVERSION = YES;
				CLANG_WARN_DIRECT_OBJC_ISA_USAGE = YES_ERROR;
				CLANG_WARN_EMPTY_BODY = YES;
				CLANG_WARN_ENUM_CONVERSION = YES;
				CLANG_WARN_INT_CONVERSION = YES;
				CLANG_WARN_OBJC_ROOT_CLASS = YES_ERROR;
				CLANG_WARN_UNREACHABLE_CODE = YES;
				CLANG_WARN__DUPLICATE_METHOD_MATCH = YES;
				"CODE_SIGN_IDENTITY[sdk=iphoneos*]" = "iPhone Developer";
				COPY_PHASE_STRIP = NO;
				ENABLE_STRICT_OBJC_MSGSEND = YES;
				GCC_C_LANGUAGE_STANDARD = gnu99;
				GCC_DYNAMIC_NO_PIC = NO;
				GCC_OPTIMIZATION_LEVEL = 0;
				GCC_PREPROCESSOR_DEFINITIONS = (
					"DEBUG=1",
					"$(inherited)",
				);
				GCC_SYMBOLS_PRIVATE_EXTERN = NO;
				GCC_WARN_64_TO_32_BIT_CONVERSION = YES;
				GCC_WARN_ABOUT_RETURN_TYPE = YES_ERROR;
				GCC_WARN_UNDECLARED_SELECTOR = YES;
				GCC_WARN_UNINITIALIZED_AUTOS = YES_AGGRESSIVE;
				GCC_WARN_UNUSED_FUNCTION = YES;
				GCC_WARN_UNUSED_VARIABLE = YES;
				IPHONEOS_DEPLOYMENT_TARGET = 8.1;
				MTL_ENABLE_DEBUG_INFO = YES;
				ONLY_ACTIVE_ARCH = YES;
				SDKROOT = iphoneos;
			};
			name = Debug;
		};
		188579021A7B574800F778A0 /* Release */ = {
			isa = XCBuildConfiguration;
			buildSettings = {
				ALWAYS_SEARCH_USER_PATHS = NO;
				CLANG_CXX_LANGUAGE_STANDARD = "gnu++0x";
				CLANG_CXX_LIBRARY = "libc++";
				CLANG_ENABLE_MODULES = YES;
				CLANG_ENABLE_OBJC_ARC = YES;
				CLANG_WARN_BOOL_CONVERSION = YES;
				CLANG_WARN_CONSTANT_CONVERSION = YES;
				CLANG_WARN_DIRECT_OBJC_ISA_USAGE = YES_ERROR;
				CLANG_WARN_EMPTY_BODY = YES;
				CLANG_WARN_ENUM_CONVERSION = YES;
				CLANG_WARN_INT_CONVERSION = YES;
				CLANG_WARN_OBJC_ROOT_CLASS = YES_ERROR;
				CLANG_WARN_UNREACHABLE_CODE = YES;
				CLANG_WARN__DUPLICATE_METHOD_MATCH = YES;
				"CODE_SIGN_IDENTITY[sdk=iphoneos*]" = "iPhone Developer";
				COPY_PHASE_STRIP = YES;
				ENABLE_NS_ASSERTIONS = NO;
				ENABLE_STRICT_OBJC_MSGSEND = YES;
				GCC_C_LANGUAGE_STANDARD = gnu99;
				GCC_WARN_64_TO_32_BIT_CONVERSION = YES;
				GCC_WARN_ABOUT_RETURN_TYPE = YES_ERROR;
				GCC_WARN_UNDECLARED_SELECTOR = YES;
				GCC_WARN_UNINITIALIZED_AUTOS = YES_AGGRESSIVE;
				GCC_WARN_UNUSED_FUNCTION = YES;
				GCC_WARN_UNUSED_VARIABLE = YES;
				IPHONEOS_DEPLOYMENT_TARGET = 8.1;
				MTL_ENABLE_DEBUG_INFO = NO;
				SDKROOT = iphoneos;
				VALIDATE_PRODUCT = YES;
			};
			name = Release;
		};
		188579041A7B574800F778A0 /* Debug */ = {
			isa = XCBuildConfiguration;
			buildSettings = {
				ASSETCATALOG_COMPILER_APPICON_NAME = AppIcon;
				ASSETCATALOG_COMPILER_LAUNCHIMAGE_NAME = LaunchImage;
				INFOPLIST_FILE = "05-添加大头针/Info.plist";
				IPHONEOS_DEPLOYMENT_TARGET = 7.0;
				LD_RUNPATH_SEARCH_PATHS = "$(inherited) @executable_path/Frameworks";
				PRODUCT_NAME = "$(TARGET_NAME)";
			};
			name = Debug;
		};
		188579051A7B574800F778A0 /* Release */ = {
			isa = XCBuildConfiguration;
			buildSettings = {
				ASSETCATALOG_COMPILER_APPICON_NAME = AppIcon;
				ASSETCATALOG_COMPILER_LAUNCHIMAGE_NAME = LaunchImage;
				INFOPLIST_FILE = "05-添加大头针/Info.plist";
				IPHONEOS_DEPLOYMENT_TARGET = 7.0;
				LD_RUNPATH_SEARCH_PATHS = "$(inherited) @executable_path/Frameworks";
				PRODUCT_NAME = "$(TARGET_NAME)";
			};
			name = Release;
		};
		188579071A7B574800F778A0 /* Debug */ = {
			isa = XCBuildConfiguration;
			buildSettings = {
				BUNDLE_LOADER = "$(TEST_HOST)";
				FRAMEWORK_SEARCH_PATHS = (
					"$(SDKROOT)/Developer/Library/Frameworks",
					"$(inherited)",
				);
				GCC_PREPROCESSOR_DEFINITIONS = (
					"DEBUG=1",
					"$(inherited)",
				);
				INFOPLIST_FILE = "05-添加大头针Tests/Info.plist";
				LD_RUNPATH_SEARCH_PATHS = "$(inherited) @executable_path/Frameworks @loader_path/Frameworks";
				PRODUCT_NAME = "$(TARGET_NAME)";
				TEST_HOST = "$(BUILT_PRODUCTS_DIR)/05-添加大头针.app/05-添加大头针";
			};
			name = Debug;
		};
		188579081A7B574800F778A0 /* Release */ = {
			isa = XCBuildConfiguration;
			buildSettings = {
				BUNDLE_LOADER = "$(TEST_HOST)";
				FRAMEWORK_SEARCH_PATHS = (
					"$(SDKROOT)/Developer/Library/Frameworks",
					"$(inherited)",
				);
				INFOPLIST_FILE = "05-添加大头针Tests/Info.plist";
				LD_RUNPATH_SEARCH_PATHS = "$(inherited) @executable_path/Frameworks @loader_path/Frameworks";
				PRODUCT_NAME = "$(TARGET_NAME)";
				TEST_HOST = "$(BUILT_PRODUCTS_DIR)/05-添加大头针.app/05-添加大头针";
			};
			name = Release;
		};
/* End XCBuildConfiguration section */

/* Begin XCConfigurationList section */
		188578DB1A7B574800F778A0 /* Build configuration list for PBXProject "05-添加大头针" */ = {
			isa = XCConfigurationList;
			buildConfigurations = (
				188579011A7B574800F778A0 /* Debug */,
				188579021A7B574800F778A0 /* Release */,
			);
			defaultConfigurationIsVisible = 0;
			defaultConfigurationName = Release;
		};
		188579031A7B574800F778A0 /* Build configuration list for PBXNativeTarget "05-添加大头针" */ = {
			isa = XCConfigurationList;
			buildConfigurations = (
				188579041A7B574800F778A0 /* Debug */,
				188579051A7B574800F778A0 /* Release */,
			);
			defaultConfigurationIsVisible = 0;
		};
		188579061A7B574800F778A0 /* Build configuration list for PBXNativeTarget "05-添加大头针Tests" */ = {
			isa = XCConfigurationList;
			buildConfigurations = (
				188579071A7B574800F778A0 /* Debug */,
				188579081A7B574800F778A0 /* Release */,
			);
			defaultConfigurationIsVisible = 0;
		};
/* End XCConfigurationList section */
	};
	rootObject = 188578D81A7B574800F778A0 /* Project object */;
}
