// !$*UTF8*$!
{
	archiveVersion = 1;
	classes = {
	};
	objectVersion = 46;
	objects = {

/* Begin PBXBuildFile section */
		188578AE1A7B2E1500F778A0 /* main.m in Sources */ = {isa = PBXBuildFile; fileRef = 188578AD1A7B2E1500F778A0 /* main.m */; };
		188578B11A7B2E1500F778A0 /* AppDelegate.m in Sources */ = {isa = PBXBuildFile; fileRef = 188578B01A7B2E1500F778A0 /* AppDelegate.m */; };
		188578B41A7B2E1500F778A0 /* ViewController.m in Sources */ = {isa = PBXBuildFile; fileRef = 188578B31A7B2E1500F778A0 /* ViewController.m */; };
		188578B71A7B2E1500F778A0 /* Main.storyboard in Resources */ = {isa = PBXBuildFile; fileRef = 188578B51A7B2E1500F778A0 /* Main.storyboard */; };
		188578B91A7B2E1500F778A0 /* Images.xcassets in Resources */ = {isa = PBXBuildFile; fileRef = 188578B81A7B2E1500F778A0 /* Images.xcassets */; };
		188578BC1A7B2E1500F778A0 /* LaunchScreen.xib in Resources */ = {isa = PBXBuildFile; fileRef = 188578BA1A7B2E1500F778A0 /* LaunchScreen.xib */; };
		188578C81A7B2E1500F778A0 /* _3________Tests.m in Sources */ = {isa = PBXBuildFile; fileRef = 188578C71A7B2E1500F778A0 /* _3________Tests.m */; };
		188578D31A7B2EC400F778A0 /* MapKit.framework in Frameworks */ = {isa = PBXBuildFile; fileRef = 188578D11A7B2E8B00F778A0 /* MapKit.framework */; };
/* End PBXBuildFile section */

/* Begin PBXContainerItemProxy section */
		188578C21A7B2E1500F778A0 /* PBXContainerItemProxy */ = {
			isa = PBXContainerItemProxy;
			containerPortal = 188578A01A7B2E1500F778A0 /* Project object */;
			proxyType = 1;
			remoteGlobalIDString = 188578A71A7B2E1500F778A0;
			remoteInfo = "03-地图的基本使用";
		};
/* End PBXContainerItemProxy section */

/* Begin PBXFileReference section */
		188578A81A7B2E1500F778A0 /* 03-地图的基本使用.app */ = {isa = PBXFileReference; explicitFileType = wrapper.application; includeInIndex = 0; path = "03-地图的基本使用.app"; sourceTree = BUILT_PRODUCTS_DIR; };
		188578AC1A7B2E1500F778A0 /* Info.plist */ = {isa = PBXFileReference; lastKnownFileType = text.plist.xml; path = Info.plist; sourceTree = "<group>"; };
		188578AD1A7B2E1500F778A0 /* main.m */ = {isa = PBXFileReference; lastKnownFileType = sourcecode.c.objc; path = main.m; sourceTree = "<group>"; };
		188578AF1A7B2E1500F778A0 /* AppDelegate.h */ = {isa = PBXFileReference; lastKnownFileType = sourcecode.c.h; path = AppDelegate.h; sourceTree = "<group>"; };
		188578B01A7B2E1500F778A0 /* AppDelegate.m */ = {isa = PBXFileReference; lastKnownFileType = sourcecode.c.objc; path = AppDelegate.m; sourceTree = "<group>"; };
		188578B21A7B2E1500F778A0 /* ViewController.h */ = {isa = PBXFileReference; lastKnownFileType = sourcecode.c.h; path = ViewController.h; sourceTree = "<group>"; };
		188578B31A7B2E1500F778A0 /* ViewController.m */ = {isa = PBXFileReference; lastKnownFileType = sourcecode.c.objc; path = ViewController.m; sourceTree = "<group>"; };
		188578B61A7B2E1500F778A0 /* Base */ = {isa = PBXFileReference; lastKnownFileType = file.storyboard; name = Base; path = Base.lproj/Main.storyboard; sourceTree = "<group>"; };
		188578B81A7B2E1500F778A0 /* Images.xcassets */ = {isa = PBXFileReference; lastKnownFileType = folder.assetcatalog; path = Images.xcassets; sourceTree = "<group>"; };
		188578BB1A7B2E1500F778A0 /* Base */ = {isa = PBXFileReference; lastKnownFileType = file.xib; name = Base; path = Base.lproj/LaunchScreen.xib; sourceTree = "<group>"; };
		188578C11A7B2E1500F778A0 /* 03-地图的基本使用Tests.xctest */ = {isa = PBXFileReference; explicitFileType = wrapper.cfbundle; includeInIndex = 0; path = "03-地图的基本使用Tests.xctest"; sourceTree = BUILT_PRODUCTS_DIR; };
		188578C61A7B2E1500F778A0 /* Info.plist */ = {isa = PBXFileReference; lastKnownFileType = text.plist.xml; path = Info.plist; sourceTree = "<group>"; };
		188578C71A7B2E1500F778A0 /* _3________Tests.m */ = {isa = PBXFileReference; lastKnownFileType = sourcecode.c.objc; path = "_3________Tests.m"; sourceTree = "<group>"; };
		188578D11A7B2E8B00F778A0 /* MapKit.framework */ = {isa = PBXFileReference; lastKnownFileType = wrapper.framework; name = MapKit.framework; path = System/Library/Frameworks/MapKit.framework; sourceTree = SDKROOT; };
/* End PBXFileReference section */

/* Begin PBXFrameworksBuildPhase section */
		188578A51A7B2E1500F778A0 /* Frameworks */ = {
			isa = PBXFrameworksBuildPhase;
			buildActionMask = 2147483647;
			files = (
				188578D31A7B2EC400F778A0 /* MapKit.framework in Frameworks */,
			);
			runOnlyForDeploymentPostprocessing = 0;
		};
		188578BE1A7B2E1500F778A0 /* Frameworks */ = {
			isa = PBXFrameworksBuildPhase;
			buildActionMask = 2147483647;
			files = (
			);
			runOnlyForDeploymentPostprocessing = 0;
		};
/* End PBXFrameworksBuildPhase section */

/* Begin PBXGroup section */
		1885789F1A7B2E1500F778A0 = {
			isa = PBXGroup;
			children = (
				188578D11A7B2E8B00F778A0 /* MapKit.framework */,
				188578AA1A7B2E1500F778A0 /* 03-地图的基本使用 */,
				188578C41A7B2E1500F778A0 /* 03-地图的基本使用Tests */,
				188578A91A7B2E1500F778A0 /* Products */,
			);
			sourceTree = "<group>";
		};
		188578A91A7B2E1500F778A0 /* Products */ = {
			isa = PBXGroup;
			children = (
				188578A81A7B2E1500F778A0 /* 03-地图的基本使用.app */,
				188578C11A7B2E1500F778A0 /* 03-地图的基本使用Tests.xctest */,
			);
			name = Products;
			sourceTree = "<group>";
		};
		188578AA1A7B2E1500F778A0 /* 03-地图的基本使用 */ = {
			isa = PBXGroup;
			children = (
				188578AF1A7B2E1500F778A0 /* AppDelegate.h */,
				188578B01A7B2E1500F778A0 /* AppDelegate.m */,
				188578B21A7B2E1500F778A0 /* ViewController.h */,
				188578B31A7B2E1500F778A0 /* ViewController.m */,
				188578B51A7B2E1500F778A0 /* Main.storyboard */,
				188578B81A7B2E1500F778A0 /* Images.xcassets */,
				188578BA1A7B2E1500F778A0 /* LaunchScreen.xib */,
				188578AB1A7B2E1500F778A0 /* Supporting Files */,
			);
			path = "03-地图的基本使用";
			sourceTree = "<group>";
		};
		188578AB1A7B2E1500F778A0 /* Supporting Files */ = {
			isa = PBXGroup;
			children = (
				188578AC1A7B2E1500F778A0 /* Info.plist */,
				188578AD1A7B2E1500F778A0 /* main.m */,
			);
			name = "Supporting Files";
			sourceTree = "<group>";
		};
		188578C41A7B2E1500F778A0 /* 03-地图的基本使用Tests */ = {
			isa = PBXGroup;
			children = (
				188578C71A7B2E1500F778A0 /* _3________Tests.m */,
				188578C51A7B2E1500F778A0 /* Supporting Files */,
			);
			path = "03-地图的基本使用Tests";
			sourceTree = "<group>";
		};
		188578C51A7B2E1500F778A0 /* Supporting Files */ = {
			isa = PBXGroup;
			children = (
				188578C61A7B2E1500F778A0 /* Info.plist */,
			);
			name = "Supporting Files";
			sourceTree = "<group>";
		};
/* End PBXGroup section */

/* Begin PBXNativeTarget section */
		188578A71A7B2E1500F778A0 /* 03-地图的基本使用 */ = {
			isa = PBXNativeTarget;
			buildConfigurationList = 188578CB1A7B2E1500F778A0 /* Build configuration list for PBXNativeTarget "03-地图的基本使用" */;
			buildPhases = (
				188578A41A7B2E1500F778A0 /* Sources */,
				188578A51A7B2E1500F778A0 /* Frameworks */,
				188578A61A7B2E1500F778A0 /* Resources */,
			);
			buildRules = (
			);
			dependencies = (
			);
			name = "03-地图的基本使用";
			productName = "03-地图的基本使用";
			productReference = 188578A81A7B2E1500F778A0 /* 03-地图的基本使用.app */;
			productType = "com.apple.product-type.application";
		};
		188578C01A7B2E1500F778A0 /* 03-地图的基本使用Tests */ = {
			isa = PBXNativeTarget;
			buildConfigurationList = 188578CE1A7B2E1500F778A0 /* Build configuration list for PBXNativeTarget "03-地图的基本使用Tests" */;
			buildPhases = (
				188578BD1A7B2E1500F778A0 /* Sources */,
				188578BE1A7B2E1500F778A0 /* Frameworks */,
				188578BF1A7B2E1500F778A0 /* Resources */,
			);
			buildRules = (
			);
			dependencies = (
				188578C31A7B2E1500F778A0 /* PBXTargetDependency */,
			);
			name = "03-地图的基本使用Tests";
			productName = "03-地图的基本使用Tests";
			productReference = 188578C11A7B2E1500F778A0 /* 03-地图的基本使用Tests.xctest */;
			productType = "com.apple.product-type.bundle.unit-test";
		};
/* End PBXNativeTarget section */

/* Begin PBXProject section */
		188578A01A7B2E1500F778A0 /* Project object */ = {
			isa = PBXProject;
			attributes = {
				LastUpgradeCheck = 0610;
				ORGANIZATIONNAME = apple;
				TargetAttributes = {
					188578A71A7B2E1500F778A0 = {
						CreatedOnToolsVersion = 6.1.1;
					};
					188578C01A7B2E1500F778A0 = {
						CreatedOnToolsVersion = 6.1.1;
						TestTargetID = 188578A71A7B2E1500F778A0;
					};
				};
			};
			buildConfigurationList = 188578A31A7B2E1500F778A0 /* Build configuration list for PBXProject "03-地图的基本使用" */;
			compatibilityVersion = "Xcode 3.2";
			developmentRegion = English;
			hasScannedForEncodings = 0;
			knownRegions = (
				en,
				Base,
			);
			mainGroup = 1885789F1A7B2E1500F778A0;
			productRefGroup = 188578A91A7B2E1500F778A0 /* Products */;
			projectDirPath = "";
			projectRoot = "";
			targets = (
				188578A71A7B2E1500F778A0 /* 03-地图的基本使用 */,
				188578C01A7B2E1500F778A0 /* 03-地图的基本使用Tests */,
			);
		};
/* End PBXProject section */

/* Begin PBXResourcesBuildPhase section */
		188578A61A7B2E1500F778A0 /* Resources */ = {
			isa = PBXResourcesBuildPhase;
			buildActionMask = 2147483647;
			files = (
				188578B71A7B2E1500F778A0 /* Main.storyboard in Resources */,
				188578BC1A7B2E1500F778A0 /* LaunchScreen.xib in Resources */,
				188578B91A7B2E1500F778A0 /* Images.xcassets in Resources */,
			);
			runOnlyForDeploymentPostprocessing = 0;
		};
		188578BF1A7B2E1500F778A0 /* Resources */ = {
			isa = PBXResourcesBuildPhase;
			buildActionMask = 2147483647;
			files = (
			);
			runOnlyForDeploymentPostprocessing = 0;
		};
/* End PBXResourcesBuildPhase section */

/* Begin PBXSourcesBuildPhase section */
		188578A41A7B2E1500F778A0 /* Sources */ = {
			isa = PBXSourcesBuildPhase;
			buildActionMask = 2147483647;
			files = (
				188578B41A7B2E1500F778A0 /* ViewController.m in Sources */,
				188578B11A7B2E1500F778A0 /* AppDelegate.m in Sources */,
				188578AE1A7B2E1500F778A0 /* main.m in Sources */,
			);
			runOnlyForDeploymentPostprocessing = 0;
		};
		188578BD1A7B2E1500F778A0 /* Sources */ = {
			isa = PBXSourcesBuildPhase;
			buildActionMask = 2147483647;
			files = (
				188578C81A7B2E1500F778A0 /* _3________Tests.m in Sources */,
			);
			runOnlyForDeploymentPostprocessing = 0;
		};
/* End PBXSourcesBuildPhase section */

/* Begin PBXTargetDependency section */
		188578C31A7B2E1500F778A0 /* PBXTargetDependency */ = {
			isa = PBXTargetDependency;
			target = 188578A71A7B2E1500F778A0 /* 03-地图的基本使用 */;
			targetProxy = 188578C21A7B2E1500F778A0 /* PBXContainerItemProxy */;
		};
/* End PBXTargetDependency section */

/* Begin PBXVariantGroup section */
		188578B51A7B2E1500F778A0 /* Main.storyboard */ = {
			isa = PBXVariantGroup;
			children = (
				188578B61A7B2E1500F778A0 /* Base */,
			);
			name = Main.storyboard;
			sourceTree = "<group>";
		};
		188578BA1A7B2E1500F778A0 /* LaunchScreen.xib */ = {
			isa = PBXVariantGroup;
			children = (
				188578BB1A7B2E1500F778A0 /* Base */,
			);
			name = LaunchScreen.xib;
			sourceTree = "<group>";
		};
/* End PBXVariantGroup section */

/* Begin XCBuildConfiguration section */
		188578C91A7B2E1500F778A0 /* Debug */ = {
			isa = XCBuildConfiguration;
			buildSettings = {
				ALWAYS_SEARCH_USER_PATHS = NO;
				CLANG_CXX_LANGUAGE_STANDARD = "gnu++0x";
				CLANG_CXX_LIBRARY = "libc++";
				CLANG_ENABLE_MODULES = YES;
				CLANG_ENABLE_OBJC_ARC = YES;
				CLANG_WARN_BOOL_CONVERSION = YES;
				CLANG_WARN_CONSTANT_CONVERSION = YES;
				CLANG_WARN_DIRECT_OBJC_ISA_USAGE = YES_ERROR;
				CLANG_WARN_EMPTY_BODY = YES;
				CLANG_WARN_ENUM_CONVERSION = YES;
				CLANG_WARN_INT_CONVERSION = YES;
				CLANG_WARN_OBJC_ROOT_CLASS = YES_ERROR;
				CLANG_WARN_UNREACHABLE_CODE = YES;
				CLANG_WARN__DUPLICATE_METHOD_MATCH = YES;
				"CODE_SIGN_IDENTITY[sdk=iphoneos*]" = "iPhone Developer";
				COPY_PHASE_STRIP = NO;
				ENABLE_STRICT_OBJC_MSGSEND = YES;
				GCC_C_LANGUAGE_STANDARD = gnu99;
				GCC_DYNAMIC_NO_PIC = NO;
				GCC_OPTIMIZATION_LEVEL = 0;
				GCC_PREPROCESSOR_DEFINITIONS = (
					"DEBUG=1",
					"$(inherited)",
				);
				GCC_SYMBOLS_PRIVATE_EXTERN = NO;
				GCC_WARN_64_TO_32_BIT_CONVERSION = YES;
				GCC_WARN_ABOUT_RETURN_TYPE = YES_ERROR;
				GCC_WARN_UNDECLARED_SELECTOR = YES;
				GCC_WARN_UNINITIALIZED_AUTOS = YES_AGGRESSIVE;
				GCC_WARN_UNUSED_FUNCTION = YES;
				GCC_WARN_UNUSED_VARIABLE = YES;
				IPHONEOS_DEPLOYMENT_TARGET = 8.1;
				MTL_ENABLE_DEBUG_INFO = YES;
				ONLY_ACTIVE_ARCH = YES;
				SDKROOT = iphoneos;
			};
			name = Debug;
		};
		188578CA1A7B2E1500F778A0 /* Release */ = {
			isa = XCBuildConfiguration;
			buildSettings = {
				ALWAYS_SEARCH_USER_PATHS = NO;
				CLANG_CXX_LANGUAGE_STANDARD = "gnu++0x";
				CLANG_CXX_LIBRARY = "libc++";
				CLANG_ENABLE_MODULES = YES;
				CLANG_ENABLE_OBJC_ARC = YES;
				CLANG_WARN_BOOL_CONVERSION = YES;
				CLANG_WARN_CONSTANT_CONVERSION = YES;
				CLANG_WARN_DIRECT_OBJC_ISA_USAGE = YES_ERROR;
				CLANG_WARN_EMPTY_BODY = YES;
				CLANG_WARN_ENUM_CONVERSION = YES;
				CLANG_WARN_INT_CONVERSION = YES;
				CLANG_WARN_OBJC_ROOT_CLASS = YES_ERROR;
				CLANG_WARN_UNREACHABLE_CODE = YES;
				CLANG_WARN__DUPLICATE_METHOD_MATCH = YES;
				"CODE_SIGN_IDENTITY[sdk=iphoneos*]" = "iPhone Developer";
				COPY_PHASE_STRIP = YES;
				ENABLE_NS_ASSERTIONS = NO;
				ENABLE_STRICT_OBJC_MSGSEND = YES;
				GCC_C_LANGUAGE_STANDARD = gnu99;
				GCC_WARN_64_TO_32_BIT_CONVERSION = YES;
				GCC_WARN_ABOUT_RETURN_TYPE = YES_ERROR;
				GCC_WARN_UNDECLARED_SELECTOR = YES;
				GCC_WARN_UNINITIALIZED_AUTOS = YES_AGGRESSIVE;
				GCC_WARN_UNUSED_FUNCTION = YES;
				GCC_WARN_UNUSED_VARIABLE = YES;
				IPHONEOS_DEPLOYMENT_TARGET = 8.1;
				MTL_ENABLE_DEBUG_INFO = NO;
				SDKROOT = iphoneos;
				VALIDATE_PRODUCT = YES;
			};
			name = Release;
		};
		188578CC1A7B2E1500F778A0 /* Debug */ = {
			isa = XCBuildConfiguration;
			buildSettings = {
				ASSETCATALOG_COMPILER_APPICON_NAME = AppIcon;
				ASSETCATALOG_COMPILER_LAUNCHIMAGE_NAME = LaunchImage;
				INFOPLIST_FILE = "03-地图的基本使用/Info.plist";
				IPHONEOS_DEPLOYMENT_TARGET = 7.0;
				LD_RUNPATH_SEARCH_PATHS = "$(inherited) @executable_path/Frameworks";
				PRODUCT_NAME = "$(TARGET_NAME)";
			};
			name = Debug;
		};
		188578CD1A7B2E1500F778A0 /* Release */ = {
			isa = XCBuildConfiguration;
			buildSettings = {
				ASSETCATALOG_COMPILER_APPICON_NAME = AppIcon;
				ASSETCATALOG_COMPILER_LAUNCHIMAGE_NAME = LaunchImage;
				INFOPLIST_FILE = "03-地图的基本使用/Info.plist";
				IPHONEOS_DEPLOYMENT_TARGET = 7.0;
				LD_RUNPATH_SEARCH_PATHS = "$(inherited) @executable_path/Frameworks";
				PRODUCT_NAME = "$(TARGET_NAME)";
			};
			name = Release;
		};
		188578CF1A7B2E1500F778A0 /* Debug */ = {
			isa = XCBuildConfiguration;
			buildSettings = {
				BUNDLE_LOADER = "$(TEST_HOST)";
				FRAMEWORK_SEARCH_PATHS = (
					"$(SDKROOT)/Developer/Library/Frameworks",
					"$(inherited)",
				);
				GCC_PREPROCESSOR_DEFINITIONS = (
					"DEBUG=1",
					"$(inherited)",
				);
				INFOPLIST_FILE = "03-地图的基本使用Tests/Info.plist";
				LD_RUNPATH_SEARCH_PATHS = "$(inherited) @executable_path/Frameworks @loader_path/Frameworks";
				PRODUCT_NAME = "$(TARGET_NAME)";
				TEST_HOST = "$(BUILT_PRODUCTS_DIR)/03-地图的基本使用.app/03-地图的基本使用";
			};
			name = Debug;
		};
		188578D01A7B2E1500F778A0 /* Release */ = {
			isa = XCBuildConfiguration;
			buildSettings = {
				BUNDLE_LOADER = "$(TEST_HOST)";
				FRAMEWORK_SEARCH_PATHS = (
					"$(SDKROOT)/Developer/Library/Frameworks",
					"$(inherited)",
				);
				INFOPLIST_FILE = "03-地图的基本使用Tests/Info.plist";
				LD_RUNPATH_SEARCH_PATHS = "$(inherited) @executable_path/Frameworks @loader_path/Frameworks";
				PRODUCT_NAME = "$(TARGET_NAME)";
				TEST_HOST = "$(BUILT_PRODUCTS_DIR)/03-地图的基本使用.app/03-地图的基本使用";
			};
			name = Release;
		};
/* End XCBuildConfiguration section */

/* Begin XCConfigurationList section */
		188578A31A7B2E1500F778A0 /* Build configuration list for PBXProject "03-地图的基本使用" */ = {
			isa = XCConfigurationList;
			buildConfigurations = (
				188578C91A7B2E1500F778A0 /* Debug */,
				188578CA1A7B2E1500F778A0 /* Release */,
			);
			defaultConfigurationIsVisible = 0;
			defaultConfigurationName = Release;
		};
		188578CB1A7B2E1500F778A0 /* Build configuration list for PBXNativeTarget "03-地图的基本使用" */ = {
			isa = XCConfigurationList;
			buildConfigurations = (
				188578CC1A7B2E1500F778A0 /* Debug */,
				188578CD1A7B2E1500F778A0 /* Release */,
			);
			defaultConfigurationIsVisible = 0;
		};
		188578CE1A7B2E1500F778A0 /* Build configuration list for PBXNativeTarget "03-地图的基本使用Tests" */ = {
			isa = XCConfigurationList;
			buildConfigurations = (
				188578CF1A7B2E1500F778A0 /* Debug */,
				188578D01A7B2E1500F778A0 /* Release */,
			);
			defaultConfigurationIsVisible = 0;
		};
/* End XCConfigurationList section */
	};
	rootObject = 188578A01A7B2E1500F778A0 /* Project object */;
}
